// !$*UTF8*$!
{
	archiveVersion = 1;
	classes = {
	};
	objectVersion = 56;
	objects = {

/* Begin PBXBuildFile section */
		E3BE7DF22C78C59D00AC94AD /* Swift__grammarApp.swift in Sources */ = {isa = PBXBuildFile; fileRef = E3BE7DF12C78C59D00AC94AD /* Swift__grammarApp.swift */; };
		E3BE7DF42C78C59D00AC94AD /* ContentView.swift in Sources */ = {isa = PBXBuildFile; fileRef = E3BE7DF32C78C59D00AC94AD /* ContentView.swift */; };
		E3BE7DF62C78C59E00AC94AD /* Assets.xcassets in Resources */ = {isa = PBXBuildFile; fileRef = E3BE7DF52C78C59E00AC94AD /* Assets.xcassets */; };
		E3BE7DFA2C78C59E00AC94AD /* Preview Assets.xcassets in Resources */ = {isa = PBXBuildFile; fileRef = E3BE7DF92C78C59E00AC94AD /* Preview Assets.xcassets */; };
		E3BE7E042C78C59E00AC94AD /* Swift__grammarTests.swift in Sources */ = {isa = PBXBuildFile; fileRef = E3BE7E032C78C59E00AC94AD /* Swift__grammarTests.swift */; };
		E3BE7E0E2C78C59E00AC94AD /* Swift__grammarUITests.swift in Sources */ = {isa = PBXBuildFile; fileRef = E3BE7E0D2C78C59E00AC94AD /* Swift__grammarUITests.swift */; };
		E3BE7E102C78C59E00AC94AD /* Swift__grammarUITestsLaunchTests.swift in Sources */ = {isa = PBXBuildFile; fileRef = E3BE7E0F2C78C59E00AC94AD /* Swift__grammarUITestsLaunchTests.swift */; };
		E3BE7E1D2C78C5CB00AC94AD /* Variable.swift in Sources */ = {isa = PBXBuildFile; fileRef = E3BE7E1C2C78C5CB00AC94AD /* Variable.swift */; };
		E3BE7E1F2C78C61100AC94AD /* Variable2.swift in Sources */ = {isa = PBXBuildFile; fileRef = E3BE7E1E2C78C61100AC94AD /* Variable2.swift */; };
		E3BE7E212C78C63000AC94AD /* Variable3.swift in Sources */ = {isa = PBXBuildFile; fileRef = E3BE7E202C78C63000AC94AD /* Variable3.swift */; };
		E3BE7E232C78C64900AC94AD /* Variable4.swift in Sources */ = {isa = PBXBuildFile; fileRef = E3BE7E222C78C64900AC94AD /* Variable4.swift */; };
		E3BE7E272C78C69D00AC94AD /* Loop.swift in Sources */ = {isa = PBXBuildFile; fileRef = E3BE7E262C78C69D00AC94AD /* Loop.swift */; };
		E3BE7E2B2C78CAC700AC94AD /* Condition.swift in Sources */ = {isa = PBXBuildFile; fileRef = E3BE7E2A2C78CAC700AC94AD /* Condition.swift */; };
		E3BE7E2D2C78CBCA00AC94AD /* MyFunction.swift in Sources */ = {isa = PBXBuildFile; fileRef = E3BE7E2C2C78CBCA00AC94AD /* MyFunction.swift */; };
		E3BE7E2F2C78CC8E00AC94AD /* MyEnum.swift in Sources */ = {isa = PBXBuildFile; fileRef = E3BE7E2E2C78CC8E00AC94AD /* MyEnum.swift */; };
		E3BE7E312C78CD0F00AC94AD /* MyEnum2.swift in Sources */ = {isa = PBXBuildFile; fileRef = E3BE7E302C78CD0F00AC94AD /* MyEnum2.swift */; };
		E3BE7E332C78CE3200AC94AD /* practice01.swift in Sources */ = {isa = PBXBuildFile; fileRef = E3BE7E322C78CE3200AC94AD /* practice01.swift */; };
		E3BE7E352C78CF6A00AC94AD /* MyOptional.swift in Sources */ = {isa = PBXBuildFile; fileRef = E3BE7E342C78CF6A00AC94AD /* MyOptional.swift */; };
/* End PBXBuildFile section */

/* Begin PBXContainerItemProxy section */
		E3BE7E002C78C59E00AC94AD /* PBXContainerItemProxy */ = {
			isa = PBXContainerItemProxy;
			containerPortal = E3BE7DE62C78C59D00AC94AD /* Project object */;
			proxyType = 1;
			remoteGlobalIDString = E3BE7DED2C78C59D00AC94AD;
			remoteInfo = "Swift_ grammar";
		};
		E3BE7E0A2C78C59E00AC94AD /* PBXContainerItemProxy */ = {
			isa = PBXContainerItemProxy;
			containerPortal = E3BE7DE62C78C59D00AC94AD /* Project object */;
			proxyType = 1;
			remoteGlobalIDString = E3BE7DED2C78C59D00AC94AD;
			remoteInfo = "Swift_ grammar";
		};
/* End PBXContainerItemProxy section */

/* Begin PBXFileReference section */
		E3BE7DEE2C78C59D00AC94AD /* Swift_ grammar.app */ = {isa = PBXFileReference; explicitFileType = wrapper.application; includeInIndex = 0; path = "Swift_ grammar.app"; sourceTree = BUILT_PRODUCTS_DIR; };
		E3BE7DF12C78C59D00AC94AD /* Swift__grammarApp.swift */ = {isa = PBXFileReference; lastKnownFileType = sourcecode.swift; path = Swift__grammarApp.swift; sourceTree = "<group>"; };
		E3BE7DF32C78C59D00AC94AD /* ContentView.swift */ = {isa = PBXFileReference; lastKnownFileType = sourcecode.swift; path = ContentView.swift; sourceTree = "<group>"; };
		E3BE7DF52C78C59E00AC94AD /* Assets.xcassets */ = {isa = PBXFileReference; lastKnownFileType = folder.assetcatalog; path = Assets.xcassets; sourceTree = "<group>"; };
		E3BE7DF72C78C59E00AC94AD /* Swift__grammar.entitlements */ = {isa = PBXFileReference; lastKnownFileType = text.plist.entitlements; path = Swift__grammar.entitlements; sourceTree = "<group>"; };
		E3BE7DF92C78C59E00AC94AD /* Preview Assets.xcassets */ = {isa = PBXFileReference; lastKnownFileType = folder.assetcatalog; path = "Preview Assets.xcassets"; sourceTree = "<group>"; };
		E3BE7DFF2C78C59E00AC94AD /* Swift_ grammarTests.xctest */ = {isa = PBXFileReference; explicitFileType = wrapper.cfbundle; includeInIndex = 0; path = "Swift_ grammarTests.xctest"; sourceTree = BUILT_PRODUCTS_DIR; };
		E3BE7E032C78C59E00AC94AD /* Swift__grammarTests.swift */ = {isa = PBXFileReference; lastKnownFileType = sourcecode.swift; path = Swift__grammarTests.swift; sourceTree = "<group>"; };
		E3BE7E092C78C59E00AC94AD /* Swift_ grammarUITests.xctest */ = {isa = PBXFileReference; explicitFileType = wrapper.cfbundle; includeInIndex = 0; path = "Swift_ grammarUITests.xctest"; sourceTree = BUILT_PRODUCTS_DIR; };
		E3BE7E0D2C78C59E00AC94AD /* Swift__grammarUITests.swift */ = {isa = PBXFileReference; lastKnownFileType = sourcecode.swift; path = Swift__grammarUITests.swift; sourceTree = "<group>"; };
		E3BE7E0F2C78C59E00AC94AD /* Swift__grammarUITestsLaunchTests.swift */ = {isa = PBXFileReference; lastKnownFileType = sourcecode.swift; path = Swift__grammarUITestsLaunchTests.swift; sourceTree = "<group>"; };
		E3BE7E1C2C78C5CB00AC94AD /* Variable.swift */ = {isa = PBXFileReference; lastKnownFileType = sourcecode.swift; path = Variable.swift; sourceTree = "<group>"; };
		E3BE7E1E2C78C61100AC94AD /* Variable2.swift */ = {isa = PBXFileReference; lastKnownFileType = sourcecode.swift; path = Variable2.swift; sourceTree = "<group>"; };
		E3BE7E202C78C63000AC94AD /* Variable3.swift */ = {isa = PBXFileReference; lastKnownFileType = sourcecode.swift; path = Variable3.swift; sourceTree = "<group>"; };
		E3BE7E222C78C64900AC94AD /* Variable4.swift */ = {isa = PBXFileReference; lastKnownFileType = sourcecode.swift; path = Variable4.swift; sourceTree = "<group>"; };
		E3BE7E262C78C69D00AC94AD /* Loop.swift */ = {isa = PBXFileReference; lastKnownFileType = sourcecode.swift; path = Loop.swift; sourceTree = "<group>"; };
		E3BE7E2A2C78CAC700AC94AD /* Condition.swift */ = {isa = PBXFileReference; lastKnownFileType = sourcecode.swift; path = Condition.swift; sourceTree = "<group>"; };
		E3BE7E2C2C78CBCA00AC94AD /* MyFunction.swift */ = {isa = PBXFileReference; lastKnownFileType = sourcecode.swift; path = MyFunction.swift; sourceTree = "<group>"; };
		E3BE7E2E2C78CC8E00AC94AD /* MyEnum.swift */ = {isa = PBXFileReference; lastKnownFileType = sourcecode.swift; path = MyEnum.swift; sourceTree = "<group>"; };
		E3BE7E302C78CD0F00AC94AD /* MyEnum2.swift */ = {isa = PBXFileReference; lastKnownFileType = sourcecode.swift; path = MyEnum2.swift; sourceTree = "<group>"; };
		E3BE7E322C78CE3200AC94AD /* practice01.swift */ = {isa = PBXFileReference; lastKnownFileType = sourcecode.swift; path = practice01.swift; sourceTree = "<group>"; };
		E3BE7E342C78CF6A00AC94AD /* MyOptional.swift */ = {isa = PBXFileReference; lastKnownFileType = sourcecode.swift; path = MyOptional.swift; sourceTree = "<group>"; };
/* End PBXFileReference section */

/* Begin PBXFrameworksBuildPhase section */
		E3BE7DEB2C78C59D00AC94AD /* Frameworks */ = {
			isa = PBXFrameworksBuildPhase;
			buildActionMask = 2147483647;
			files = (
			);
			runOnlyForDeploymentPostprocessing = 0;
		};
		E3BE7DFC2C78C59E00AC94AD /* Frameworks */ = {
			isa = PBXFrameworksBuildPhase;
			buildActionMask = 2147483647;
			files = (
			);
			runOnlyForDeploymentPostprocessing = 0;
		};
		E3BE7E062C78C59E00AC94AD /* Frameworks */ = {
			isa = PBXFrameworksBuildPhase;
			buildActionMask = 2147483647;
			files = (
			);
			runOnlyForDeploymentPostprocessing = 0;
		};
/* End PBXFrameworksBuildPhase section */

/* Begin PBXGroup section */
		E3BE7DE52C78C59D00AC94AD = {
			isa = PBXGroup;
			children = (
				E3BE7DF02C78C59D00AC94AD /* Swift_ grammar */,
				E3BE7E022C78C59E00AC94AD /* Swift_ grammarTests */,
				E3BE7E0C2C78C59E00AC94AD /* Swift_ grammarUITests */,
				E3BE7DEF2C78C59D00AC94AD /* Products */,
			);
			sourceTree = "<group>";
		};
		E3BE7DEF2C78C59D00AC94AD /* Products */ = {
			isa = PBXGroup;
			children = (
				E3BE7DEE2C78C59D00AC94AD /* Swift_ grammar.app */,
				E3BE7DFF2C78C59E00AC94AD /* Swift_ grammarTests.xctest */,
				E3BE7E092C78C59E00AC94AD /* Swift_ grammarUITests.xctest */,
			);
			name = Products;
			sourceTree = "<group>";
		};
		E3BE7DF02C78C59D00AC94AD /* Swift_ grammar */ = {
			isa = PBXGroup;
			children = (
				E3BE7DF12C78C59D00AC94AD /* Swift__grammarApp.swift */,
				E3BE7DF32C78C59D00AC94AD /* ContentView.swift */,
				E3BE7E1C2C78C5CB00AC94AD /* Variable.swift */,
				E3BE7E1E2C78C61100AC94AD /* Variable2.swift */,
				E3BE7E202C78C63000AC94AD /* Variable3.swift */,
				E3BE7E222C78C64900AC94AD /* Variable4.swift */,
				E3BE7E2A2C78CAC700AC94AD /* Condition.swift */,
				E3BE7E262C78C69D00AC94AD /* Loop.swift */,
				E3BE7E2C2C78CBCA00AC94AD /* MyFunction.swift */,
				E3BE7E2E2C78CC8E00AC94AD /* MyEnum.swift */,
				E3BE7E302C78CD0F00AC94AD /* MyEnum2.swift */,
				E3BE7E322C78CE3200AC94AD /* practice01.swift */,
				E3BE7E342C78CF6A00AC94AD /* MyOptional.swift */,
				E3BE7DF52C78C59E00AC94AD /* Assets.xcassets */,
				E3BE7DF72C78C59E00AC94AD /* Swift__grammar.entitlements */,
				E3BE7DF82C78C59E00AC94AD /* Preview Content */,
			);
			path = "Swift_ grammar";
			sourceTree = "<group>";
		};
		E3BE7DF82C78C59E00AC94AD /* Preview Content */ = {
			isa = PBXGroup;
			children = (
				E3BE7DF92C78C59E00AC94AD /* Preview Assets.xcassets */,
			);
			path = "Preview Content";
			sourceTree = "<group>";
		};
		E3BE7E022C78C59E00AC94AD /* Swift_ grammarTests */ = {
			isa = PBXGroup;
			children = (
				E3BE7E032C78C59E00AC94AD /* Swift__grammarTests.swift */,
			);
			path = "Swift_ grammarTests";
			sourceTree = "<group>";
		};
		E3BE7E0C2C78C59E00AC94AD /* Swift_ grammarUITests */ = {
			isa = PBXGroup;
			children = (
				E3BE7E0D2C78C59E00AC94AD /* Swift__grammarUITests.swift */,
				E3BE7E0F2C78C59E00AC94AD /* Swift__grammarUITestsLaunchTests.swift */,
			);
			path = "Swift_ grammarUITests";
			sourceTree = "<group>";
		};
/* End PBXGroup section */

/* Begin PBXNativeTarget section */
		E3BE7DED2C78C59D00AC94AD /* Swift_ grammar */ = {
			isa = PBXNativeTarget;
			buildConfigurationList = E3BE7E132C78C59E00AC94AD /* Build configuration list for PBXNativeTarget "Swift_ grammar" */;
			buildPhases = (
				E3BE7DEA2C78C59D00AC94AD /* Sources */,
				E3BE7DEB2C78C59D00AC94AD /* Frameworks */,
				E3BE7DEC2C78C59D00AC94AD /* Resources */,
			);
			buildRules = (
			);
			dependencies = (
			);
			name = "Swift_ grammar";
			productName = "Swift_ grammar";
			productReference = E3BE7DEE2C78C59D00AC94AD /* Swift_ grammar.app */;
			productType = "com.apple.product-type.application";
		};
		E3BE7DFE2C78C59E00AC94AD /* Swift_ grammarTests */ = {
			isa = PBXNativeTarget;
			buildConfigurationList = E3BE7E162C78C59E00AC94AD /* Build configuration list for PBXNativeTarget "Swift_ grammarTests" */;
			buildPhases = (
				E3BE7DFB2C78C59E00AC94AD /* Sources */,
				E3BE7DFC2C78C59E00AC94AD /* Frameworks */,
				E3BE7DFD2C78C59E00AC94AD /* Resources */,
			);
			buildRules = (
			);
			dependencies = (
				E3BE7E012C78C59E00AC94AD /* PBXTargetDependency */,
			);
			name = "Swift_ grammarTests";
			productName = "Swift_ grammarTests";
			productReference = E3BE7DFF2C78C59E00AC94AD /* Swift_ grammarTests.xctest */;
			productType = "com.apple.product-type.bundle.unit-test";
		};
		E3BE7E082C78C59E00AC94AD /* Swift_ grammarUITests */ = {
			isa = PBXNativeTarget;
			buildConfigurationList = E3BE7E192C78C59E00AC94AD /* Build configuration list for PBXNativeTarget "Swift_ grammarUITests" */;
			buildPhases = (
				E3BE7E052C78C59E00AC94AD /* Sources */,
				E3BE7E062C78C59E00AC94AD /* Frameworks */,
				E3BE7E072C78C59E00AC94AD /* Resources */,
			);
			buildRules = (
			);
			dependencies = (
				E3BE7E0B2C78C59E00AC94AD /* PBXTargetDependency */,
			);
			name = "Swift_ grammarUITests";
			productName = "Swift_ grammarUITests";
			productReference = E3BE7E092C78C59E00AC94AD /* Swift_ grammarUITests.xctest */;
			productType = "com.apple.product-type.bundle.ui-testing";
		};
/* End PBXNativeTarget section */

/* Begin PBXProject section */
		E3BE7DE62C78C59D00AC94AD /* Project object */ = {
			isa = PBXProject;
			attributes = {
				BuildIndependentTargetsInParallel = 1;
				LastSwiftUpdateCheck = 1540;
				LastUpgradeCheck = 1540;
				TargetAttributes = {
					E3BE7DED2C78C59D00AC94AD = {
						CreatedOnToolsVersion = 15.4;
					};
					E3BE7DFE2C78C59E00AC94AD = {
						CreatedOnToolsVersion = 15.4;
						TestTargetID = E3BE7DED2C78C59D00AC94AD;
					};
					E3BE7E082C78C59E00AC94AD = {
						CreatedOnToolsVersion = 15.4;
						TestTargetID = E3BE7DED2C78C59D00AC94AD;
					};
				};
			};
			buildConfigurationList = E3BE7DE92C78C59D00AC94AD /* Build configuration list for PBXProject "Swift_ grammar" */;
			compatibilityVersion = "Xcode 14.0";
			developmentRegion = en;
			hasScannedForEncodings = 0;
			knownRegions = (
				en,
				Base,
			);
			mainGroup = E3BE7DE52C78C59D00AC94AD;
			productRefGroup = E3BE7DEF2C78C59D00AC94AD /* Products */;
			projectDirPath = "";
			projectRoot = "";
			targets = (
				E3BE7DED2C78C59D00AC94AD /* Swift_ grammar */,
				E3BE7DFE2C78C59E00AC94AD /* Swift_ grammarTests */,
				E3BE7E082C78C59E00AC94AD /* Swift_ grammarUITests */,
			);
		};
/* End PBXProject section */

/* Begin PBXResourcesBuildPhase section */
		E3BE7DEC2C78C59D00AC94AD /* Resources */ = {
			isa = PBXResourcesBuildPhase;
			buildActionMask = 2147483647;
			files = (
				E3BE7DFA2C78C59E00AC94AD /* Preview Assets.xcassets in Resources */,
				E3BE7DF62C78C59E00AC94AD /* Assets.xcassets in Resources */,
			);
			runOnlyForDeploymentPostprocessing = 0;
		};
		E3BE7DFD2C78C59E00AC94AD /* Resources */ = {
			isa = PBXResourcesBuildPhase;
			buildActionMask = 2147483647;
			files = (
			);
			runOnlyForDeploymentPostprocessing = 0;
		};
		E3BE7E072C78C59E00AC94AD /* Resources */ = {
			isa = PBXResourcesBuildPhase;
			buildActionMask = 2147483647;
			files = (
			);
			runOnlyForDeploymentPostprocessing = 0;
		};
/* End PBXResourcesBuildPhase section */

/* Begin PBXSourcesBuildPhase section */
		E3BE7DEA2C78C59D00AC94AD /* Sources */ = {
			isa = PBXSourcesBuildPhase;
			buildActionMask = 2147483647;
			files = (
				E3BE7E232C78C64900AC94AD /* Variable4.swift in Sources */,
				E3BE7E2B2C78CAC700AC94AD /* Condition.swift in Sources */,
				E3BE7E2D2C78CBCA00AC94AD /* MyFunction.swift in Sources */,
				E3BE7E352C78CF6A00AC94AD /* MyOptional.swift in Sources */,
				E3BE7DF42C78C59D00AC94AD /* ContentView.swift in Sources */,
				E3BE7E312C78CD0F00AC94AD /* MyEnum2.swift in Sources */,
				E3BE7E2F2C78CC8E00AC94AD /* MyEnum.swift in Sources */,
				E3BE7E1D2C78C5CB00AC94AD /* Variable.swift in Sources */,
				E3BE7E332C78CE3200AC94AD /* practice01.swift in Sources */,
				E3BE7E1F2C78C61100AC94AD /* Variable2.swift in Sources */,
				E3BE7E212C78C63000AC94AD /* Variable3.swift in Sources */,
				E3BE7DF22C78C59D00AC94AD /* Swift__grammarApp.swift in Sources */,
				E3BE7E272C78C69D00AC94AD /* Loop.swift in Sources */,
			);
			runOnlyForDeploymentPostprocessing = 0;
		};
		E3BE7DFB2C78C59E00AC94AD /* Sources */ = {
			isa = PBXSourcesBuildPhase;
			buildActionMask = 2147483647;
			files = (
				E3BE7E042C78C59E00AC94AD /* Swift__grammarTests.swift in Sources */,
			);
			runOnlyForDeploymentPostprocessing = 0;
		};
		E3BE7E052C78C59E00AC94AD /* Sources */ = {
			isa = PBXSourcesBuildPhase;
			buildActionMask = 2147483647;
			files = (
				E3BE7E102C78C59E00AC94AD /* Swift__grammarUITestsLaunchTests.swift in Sources */,
				E3BE7E0E2C78C59E00AC94AD /* Swift__grammarUITests.swift in Sources */,
			);
			runOnlyForDeploymentPostprocessing = 0;
		};
/* End PBXSourcesBuildPhase section */

/* Begin PBXTargetDependency section */
		E3BE7E012C78C59E00AC94AD /* PBXTargetDependency */ = {
			isa = PBXTargetDependency;
			target = E3BE7DED2C78C59D00AC94AD /* Swift_ grammar */;
			targetProxy = E3BE7E002C78C59E00AC94AD /* PBXContainerItemProxy */;
		};
		E3BE7E0B2C78C59E00AC94AD /* PBXTargetDependency */ = {
			isa = PBXTargetDependency;
			target = E3BE7DED2C78C59D00AC94AD /* Swift_ grammar */;
			targetProxy = E3BE7E0A2C78C59E00AC94AD /* PBXContainerItemProxy */;
		};
/* End PBXTargetDependency section */

/* Begin XCBuildConfiguration section */
		E3BE7E112C78C59E00AC94AD /* Debug */ = {
			isa = XCBuildConfiguration;
			buildSettings = {
				ALWAYS_SEARCH_USER_PATHS = NO;
				ASSETCATALOG_COMPILER_GENERATE_SWIFT_ASSET_SYMBOL_EXTENSIONS = YES;
				CLANG_ANALYZER_NONNULL = YES;
				CLANG_ANALYZER_NUMBER_OBJECT_CONVERSION = YES_AGGRESSIVE;
				CLANG_CXX_LANGUAGE_STANDARD = "gnu++20";
				CLANG_ENABLE_MODULES = YES;
				CLANG_ENABLE_OBJC_ARC = YES;
				CLANG_ENABLE_OBJC_WEAK = YES;
				CLANG_WARN_BLOCK_CAPTURE_AUTORELEASING = YES;
				CLANG_WARN_BOOL_CONVERSION = YES;
				CLANG_WARN_COMMA = YES;
				CLANG_WARN_CONSTANT_CONVERSION = YES;
				CLANG_WARN_DEPRECATED_OBJC_IMPLEMENTATIONS = YES;
				CLANG_WARN_DIRECT_OBJC_ISA_USAGE = YES_ERROR;
				CLANG_WARN_DOCUMENTATION_COMMENTS = YES;
				CLANG_WARN_EMPTY_BODY = YES;
				CLANG_WARN_ENUM_CONVERSION = YES;
				CLANG_WARN_INFINITE_RECURSION = YES;
				CLANG_WARN_INT_CONVERSION = YES;
				CLANG_WARN_NON_LITERAL_NULL_CONVERSION = YES;
				CLANG_WARN_OBJC_IMPLICIT_RETAIN_SELF = YES;
				CLANG_WARN_OBJC_LITERAL_CONVERSION = YES;
				CLANG_WARN_OBJC_ROOT_CLASS = YES_ERROR;
				CLANG_WARN_QUOTED_INCLUDE_IN_FRAMEWORK_HEADER = YES;
				CLANG_WARN_RANGE_LOOP_ANALYSIS = YES;
				CLANG_WARN_STRICT_PROTOTYPES = YES;
				CLANG_WARN_SUSPICIOUS_MOVE = YES;
				CLANG_WARN_UNGUARDED_AVAILABILITY = YES_AGGRESSIVE;
				CLANG_WARN_UNREACHABLE_CODE = YES;
				CLANG_WARN__DUPLICATE_METHOD_MATCH = YES;
				COPY_PHASE_STRIP = NO;
				DEBUG_INFORMATION_FORMAT = dwarf;
				ENABLE_STRICT_OBJC_MSGSEND = YES;
				ENABLE_TESTABILITY = YES;
				ENABLE_USER_SCRIPT_SANDBOXING = YES;
				GCC_C_LANGUAGE_STANDARD = gnu17;
				GCC_DYNAMIC_NO_PIC = NO;
				GCC_NO_COMMON_BLOCKS = YES;
				GCC_OPTIMIZATION_LEVEL = 0;
				GCC_PREPROCESSOR_DEFINITIONS = (
					"DEBUG=1",
					"$(inherited)",
				);
				GCC_WARN_64_TO_32_BIT_CONVERSION = YES;
				GCC_WARN_ABOUT_RETURN_TYPE = YES_ERROR;
				GCC_WARN_UNDECLARED_SELECTOR = YES;
				GCC_WARN_UNINITIALIZED_AUTOS = YES_AGGRESSIVE;
				GCC_WARN_UNUSED_FUNCTION = YES;
				GCC_WARN_UNUSED_VARIABLE = YES;
				LOCALIZATION_PREFERS_STRING_CATALOGS = YES;
				MTL_ENABLE_DEBUG_INFO = INCLUDE_SOURCE;
				MTL_FAST_MATH = YES;
				ONLY_ACTIVE_ARCH = YES;
				SWIFT_ACTIVE_COMPILATION_CONDITIONS = "DEBUG $(inherited)";
				SWIFT_OPTIMIZATION_LEVEL = "-Onone";
			};
			name = Debug;
		};
		E3BE7E122C78C59E00AC94AD /* Release */ = {
			isa = XCBuildConfiguration;
			buildSettings = {
				ALWAYS_SEARCH_USER_PATHS = NO;
				ASSETCATALOG_COMPILER_GENERATE_SWIFT_ASSET_SYMBOL_EXTENSIONS = YES;
				CLANG_ANALYZER_NONNULL = YES;
				CLANG_ANALYZER_NUMBER_OBJECT_CONVERSION = YES_AGGRESSIVE;
				CLANG_CXX_LANGUAGE_STANDARD = "gnu++20";
				CLANG_ENABLE_MODULES = YES;
				CLANG_ENABLE_OBJC_ARC = YES;
				CLANG_ENABLE_OBJC_WEAK = YES;
				CLANG_WARN_BLOCK_CAPTURE_AUTORELEASING = YES;
				CLANG_WARN_BOOL_CONVERSION = YES;
				CLANG_WARN_COMMA = YES;
				CLANG_WARN_CONSTANT_CONVERSION = YES;
				CLANG_WARN_DEPRECATED_OBJC_IMPLEMENTATIONS = YES;
				CLANG_WARN_DIRECT_OBJC_ISA_USAGE = YES_ERROR;
				CLANG_WARN_DOCUMENTATION_COMMENTS = YES;
				CLANG_WARN_EMPTY_BODY = YES;
				CLANG_WARN_ENUM_CONVERSION = YES;
				CLANG_WARN_INFINITE_RECURSION = YES;
				CLANG_WARN_INT_CONVERSION = YES;
				CLANG_WARN_NON_LITERAL_NULL_CONVERSION = YES;
				CLANG_WARN_OBJC_IMPLICIT_RETAIN_SELF = YES;
				CLANG_WARN_OBJC_LITERAL_CONVERSION = YES;
				CLANG_WARN_OBJC_ROOT_CLASS = YES_ERROR;
				CLANG_WARN_QUOTED_INCLUDE_IN_FRAMEWORK_HEADER = YES;
				CLANG_WARN_RANGE_LOOP_ANALYSIS = YES;
				CLANG_WARN_STRICT_PROTOTYPES = YES;
				CLANG_WARN_SUSPICIOUS_MOVE = YES;
				CLANG_WARN_UNGUARDED_AVAILABILITY = YES_AGGRESSIVE;
				CLANG_WARN_UNREACHABLE_CODE = YES;
				CLANG_WARN__DUPLICATE_METHOD_MATCH = YES;
				COPY_PHASE_STRIP = NO;
				DEBUG_INFORMATION_FORMAT = "dwarf-with-dsym";
				ENABLE_NS_ASSERTIONS = NO;
				ENABLE_STRICT_OBJC_MSGSEND = YES;
				ENABLE_USER_SCRIPT_SANDBOXING = YES;
				GCC_C_LANGUAGE_STANDARD = gnu17;
				GCC_NO_COMMON_BLOCKS = YES;
				GCC_WARN_64_TO_32_BIT_CONVERSION = YES;
				GCC_WARN_ABOUT_RETURN_TYPE = YES_ERROR;
				GCC_WARN_UNDECLARED_SELECTOR = YES;
				GCC_WARN_UNINITIALIZED_AUTOS = YES_AGGRESSIVE;
				GCC_WARN_UNUSED_FUNCTION = YES;
				GCC_WARN_UNUSED_VARIABLE = YES;
				LOCALIZATION_PREFERS_STRING_CATALOGS = YES;
				MTL_ENABLE_DEBUG_INFO = NO;
				MTL_FAST_MATH = YES;
				SWIFT_COMPILATION_MODE = wholemodule;
			};
			name = Release;
		};
		E3BE7E142C78C59E00AC94AD /* Debug */ = {
			isa = XCBuildConfiguration;
			buildSettings = {
				ASSETCATALOG_COMPILER_APPICON_NAME = AppIcon;
				ASSETCATALOG_COMPILER_GLOBAL_ACCENT_COLOR_NAME = AccentColor;
				CODE_SIGN_ENTITLEMENTS = "Swift_ grammar/Swift__grammar.entitlements";
				CODE_SIGN_STYLE = Automatic;
				CURRENT_PROJECT_VERSION = 1;
				DEVELOPMENT_ASSET_PATHS = "\"Swift_ grammar/Preview Content\"";
				ENABLE_PREVIEWS = YES;
				GENERATE_INFOPLIST_FILE = YES;
				"INFOPLIST_KEY_UIApplicationSceneManifest_Generation[sdk=iphoneos*]" = YES;
				"INFOPLIST_KEY_UIApplicationSceneManifest_Generation[sdk=iphonesimulator*]" = YES;
				"INFOPLIST_KEY_UIApplicationSupportsIndirectInputEvents[sdk=iphoneos*]" = YES;
				"INFOPLIST_KEY_UIApplicationSupportsIndirectInputEvents[sdk=iphonesimulator*]" = YES;
				"INFOPLIST_KEY_UILaunchScreen_Generation[sdk=iphoneos*]" = YES;
				"INFOPLIST_KEY_UILaunchScreen_Generation[sdk=iphonesimulator*]" = YES;
				"INFOPLIST_KEY_UIStatusBarStyle[sdk=iphoneos*]" = UIStatusBarStyleDefault;
				"INFOPLIST_KEY_UIStatusBarStyle[sdk=iphonesimulator*]" = UIStatusBarStyleDefault;
				INFOPLIST_KEY_UISupportedInterfaceOrientations_iPad = "UIInterfaceOrientationPortrait UIInterfaceOrientationPortraitUpsideDown UIInterfaceOrientationLandscapeLeft UIInterfaceOrientationLandscapeRight";
				INFOPLIST_KEY_UISupportedInterfaceOrientations_iPhone = "UIInterfaceOrientationPortrait UIInterfaceOrientationLandscapeLeft UIInterfaceOrientationLandscapeRight";
				IPHONEOS_DEPLOYMENT_TARGET = 17.5;
				LD_RUNPATH_SEARCH_PATHS = "@executable_path/Frameworks";
				"LD_RUNPATH_SEARCH_PATHS[sdk=macosx*]" = "@executable_path/../Frameworks";
				MACOSX_DEPLOYMENT_TARGET = 14.5;
				MARKETING_VERSION = 1.0;
				PRODUCT_BUNDLE_IDENTIFIER = "test.Swift--grammar";
				PRODUCT_NAME = "$(TARGET_NAME)";
				SDKROOT = auto;
				SUPPORTED_PLATFORMS = "iphoneos iphonesimulator macosx";
				SWIFT_EMIT_LOC_STRINGS = YES;
				SWIFT_VERSION = 5.0;
				TARGETED_DEVICE_FAMILY = "1,2";
			};
			name = Debug;
		};
		E3BE7E152C78C59E00AC94AD /* Release */ = {
			isa = XCBuildConfiguration;
			buildSettings = {
				ASSETCATALOG_COMPILER_APPICON_NAME = AppIcon;
				ASSETCATALOG_COMPILER_GLOBAL_ACCENT_COLOR_NAME = AccentColor;
				CODE_SIGN_ENTITLEMENTS = "Swift_ grammar/Swift__grammar.entitlements";
				CODE_SIGN_STYLE = Automatic;
				CURRENT_PROJECT_VERSION = 1;
				DEVELOPMENT_ASSET_PATHS = "\"Swift_ grammar/Preview Content\"";
				ENABLE_PREVIEWS = YES;
				GENERATE_INFOPLIST_FILE = YES;
				"INFOPLIST_KEY_UIApplicationSceneManifest_Generation[sdk=iphoneos*]" = YES;
				"INFOPLIST_KEY_UIApplicationSceneManifest_Generation[sdk=iphonesimulator*]" = YES;
				"INFOPLIST_KEY_UIApplicationSupportsIndirectInputEvents[sdk=iphoneos*]" = YES;
				"INFOPLIST_KEY_UIApplicationSupportsIndirectInputEvents[sdk=iphonesimulator*]" = YES;
				"INFOPLIST_KEY_UILaunchScreen_Generation[sdk=iphoneos*]" = YES;
				"INFOPLIST_KEY_UILaunchScreen_Generation[sdk=iphonesimulator*]" = YES;
				"INFOPLIST_KEY_UIStatusBarStyle[sdk=iphoneos*]" = UIStatusBarStyleDefault;
				"INFOPLIST_KEY_UIStatusBarStyle[sdk=iphonesimulator*]" = UIStatusBarStyleDefault;
				INFOPLIST_KEY_UISupportedInterfaceOrientations_iPad = "UIInterfaceOrientationPortrait UIInterfaceOrientationPortraitUpsideDown UIInterfaceOrientationLandscapeLeft UIInterfaceOrientationLandscapeRight";
				INFOPLIST_KEY_UISupportedInterfaceOrientations_iPhone = "UIInterfaceOrientationPortrait UIInterfaceOrientationLandscapeLeft UIInterfaceOrientationLandscapeRight";
				IPHONEOS_DEPLOYMENT_TARGET = 17.5;
				LD_RUNPATH_SEARCH_PATHS = "@executable_path/Frameworks";
				"LD_RUNPATH_SEARCH_PATHS[sdk=macosx*]" = "@executable_path/../Frameworks";
				MACOSX_DEPLOYMENT_TARGET = 14.5;
				MARKETING_VERSION = 1.0;
				PRODUCT_BUNDLE_IDENTIFIER = "test.Swift--grammar";
				PRODUCT_NAME = "$(TARGET_NAME)";
				SDKROOT = auto;
				SUPPORTED_PLATFORMS = "iphoneos iphonesimulator macosx";
				SWIFT_EMIT_LOC_STRINGS = YES;
				SWIFT_VERSION = 5.0;
				TARGETED_DEVICE_FAMILY = "1,2";
			};
			name = Release;
		};
		E3BE7E172C78C59E00AC94AD /* Debug */ = {
			isa = XCBuildConfiguration;
			buildSettings = {
				ALWAYS_EMBED_SWIFT_STANDARD_LIBRARIES = YES;
				BUNDLE_LOADER = "$(TEST_HOST)";
				CODE_SIGN_STYLE = Automatic;
				CURRENT_PROJECT_VERSION = 1;
				GENERATE_INFOPLIST_FILE = YES;
				IPHONEOS_DEPLOYMENT_TARGET = 17.5;
				MACOSX_DEPLOYMENT_TARGET = 14.5;
				MARKETING_VERSION = 1.0;
				PRODUCT_BUNDLE_IDENTIFIER = "test.Swift--grammarTests";
				PRODUCT_NAME = "$(TARGET_NAME)";
				SDKROOT = auto;
				SUPPORTED_PLATFORMS = "iphoneos iphonesimulator macosx";
				SWIFT_EMIT_LOC_STRINGS = NO;
				SWIFT_VERSION = 5.0;
				TARGETED_DEVICE_FAMILY = "1,2";
				TEST_HOST = "$(BUILT_PRODUCTS_DIR)/Swift_ grammar.app/$(BUNDLE_EXECUTABLE_FOLDER_PATH)/Swift_ grammar";
			};
			name = Debug;
		};
		E3BE7E182C78C59E00AC94AD /* Release */ = {
			isa = XCBuildConfiguration;
			buildSettings = {
				ALWAYS_EMBED_SWIFT_STANDARD_LIBRARIES = YES;
				BUNDLE_LOADER = "$(TEST_HOST)";
				CODE_SIGN_STYLE = Automatic;
				CURRENT_PROJECT_VERSION = 1;
				GENERATE_INFOPLIST_FILE = YES;
				IPHONEOS_DEPLOYMENT_TARGET = 17.5;
				MACOSX_DEPLOYMENT_TARGET = 14.5;
				MARKETING_VERSION = 1.0;
				PRODUCT_BUNDLE_IDENTIFIER = "test.Swift--grammarTests";
				PRODUCT_NAME = "$(TARGET_NAME)";
				SDKROOT = auto;
				SUPPORTED_PLATFORMS = "iphoneos iphonesimulator macosx";
				SWIFT_EMIT_LOC_STRINGS = NO;
				SWIFT_VERSION = 5.0;
				TARGETED_DEVICE_FAMILY = "1,2";
				TEST_HOST = "$(BUILT_PRODUCTS_DIR)/Swift_ grammar.app/$(BUNDLE_EXECUTABLE_FOLDER_PATH)/Swift_ grammar";
			};
			name = Release;
		};
		E3BE7E1A2C78C59E00AC94AD /* Debug */ = {
			isa = XCBuildConfiguration;
			buildSettings = {
				ALWAYS_EMBED_SWIFT_STANDARD_LIBRARIES = YES;
				CODE_SIGN_STYLE = Automatic;
				CURRENT_PROJECT_VERSION = 1;
				GENERATE_INFOPLIST_FILE = YES;
				IPHONEOS_DEPLOYMENT_TARGET = 17.5;
				MACOSX_DEPLOYMENT_TARGET = 14.5;
				MARKETING_VERSION = 1.0;
				PRODUCT_BUNDLE_IDENTIFIER = "test.Swift--grammarUITests";
				PRODUCT_NAME = "$(TARGET_NAME)";
				SDKROOT = auto;
				SUPPORTED_PLATFORMS = "iphoneos iphonesimulator macosx";
				SWIFT_EMIT_LOC_STRINGS = NO;
				SWIFT_VERSION = 5.0;
				TARGETED_DEVICE_FAMILY = "1,2";
				TEST_TARGET_NAME = "Swift_ grammar";
			};
			name = Debug;
		};
		E3BE7E1B2C78C59E00AC94AD /* Release */ = {
			isa = XCBuildConfiguration;
			buildSettings = {
				ALWAYS_EMBED_SWIFT_STANDARD_LIBRARIES = YES;
				CODE_SIGN_STYLE = Automatic;
				CURRENT_PROJECT_VERSION = 1;
				GENERATE_INFOPLIST_FILE = YES;
				IPHONEOS_DEPLOYMENT_TARGET = 17.5;
				MACOSX_DEPLOYMENT_TARGET = 14.5;
				MARKETING_VERSION = 1.0;
				PRODUCT_BUNDLE_IDENTIFIER = "test.Swift--grammarUITests";
				PRODUCT_NAME = "$(TARGET_NAME)";
				SDKROOT = auto;
				SUPPORTED_PLATFORMS = "iphoneos iphonesimulator macosx";
				SWIFT_EMIT_LOC_STRINGS = NO;
				SWIFT_VERSION = 5.0;
				TARGETED_DEVICE_FAMILY = "1,2";
				TEST_TARGET_NAME = "Swift_ grammar";
			};
			name = Release;
		};
/* End XCBuildConfiguration section */

/* Begin XCConfigurationList section */
		E3BE7DE92C78C59D00AC94AD /* Build configuration list for PBXProject "Swift_ grammar" */ = {
			isa = XCConfigurationList;
			buildConfigurations = (
				E3BE7E112C78C59E00AC94AD /* Debug */,
				E3BE7E122C78C59E00AC94AD /* Release */,
			);
			defaultConfigurationIsVisible = 0;
			defaultConfigurationName = Release;
		};
		E3BE7E132C78C59E00AC94AD /* Build configuration list for PBXNativeTarget "Swift_ grammar" */ = {
			isa = XCConfigurationList;
			buildConfigurations = (
				E3BE7E142C78C59E00AC94AD /* Debug */,
				E3BE7E152C78C59E00AC94AD /* Release */,
			);
			defaultConfigurationIsVisible = 0;
			defaultConfigurationName = Release;
		};
		E3BE7E162C78C59E00AC94AD /* Build configuration list for PBXNativeTarget "Swift_ grammarTests" */ = {
			isa = XCConfigurationList;
			buildConfigurations = (
				E3BE7E172C78C59E00AC94AD /* Debug */,
				E3BE7E182C78C59E00AC94AD /* Release */,
			);
			defaultConfigurationIsVisible = 0;
			defaultConfigurationName = Release;
		};
		E3BE7E192C78C59E00AC94AD /* Build configuration list for PBXNativeTarget "Swift_ grammarUITests" */ = {
			isa = XCConfigurationList;
			buildConfigurations = (
				E3BE7E1A2C78C59E00AC94AD /* Debug */,
				E3BE7E1B2C78C59E00AC94AD /* Release */,
			);
			defaultConfigurationIsVisible = 0;
			defaultConfigurationName = Release;
		};
/* End XCConfigurationList section */
	};
	rootObject = E3BE7DE62C78C59D00AC94AD /* Project object */;
}
