// !$*UTF8*$!
{
	archiveVersion = 1;
	classes = {
	};
	objectVersion = 56;
	objects = {

/* Begin PBXBuildFile section */
		E34DE5102C7783C10000C24C /* testApp.swift in Sources */ = {isa = PBXBuildFile; fileRef = E34DE50F2C7783C10000C24C /* testApp.swift */; };
		E34DE5122C7783C10000C24C /* ContentView.swift in Sources */ = {isa = PBXBuildFile; fileRef = E34DE5112C7783C10000C24C /* ContentView.swift */; };
		E34DE5142C7783C20000C24C /* Assets.xcassets in Resources */ = {isa = PBXBuildFile; fileRef = E34DE5132C7783C20000C24C /* Assets.xcassets */; };
		E34DE5172C7783C20000C24C /* Preview Assets.xcassets in Resources */ = {isa = PBXBuildFile; fileRef = E34DE5162C7783C20000C24C /* Preview Assets.xcassets */; };
		E34DE5212C7783C20000C24C /* testTests.swift in Sources */ = {isa = PBXBuildFile; fileRef = E34DE5202C7783C20000C24C /* testTests.swift */; };
		E34DE52B2C7783C20000C24C /* testUITests.swift in Sources */ = {isa = PBXBuildFile; fileRef = E34DE52A2C7783C20000C24C /* testUITests.swift */; };
		E34DE52D2C7783C20000C24C /* testUITestsLaunchTests.swift in Sources */ = {isa = PBXBuildFile; fileRef = E34DE52C2C7783C20000C24C /* testUITestsLaunchTests.swift */; };
		E34DE53A2C7784180000C24C /* Variable.swift in Sources */ = {isa = PBXBuildFile; fileRef = E34DE5392C7784180000C24C /* Variable.swift */; };
		E34DE53C2C7786480000C24C /* Varible2.swift in Sources */ = {isa = PBXBuildFile; fileRef = E34DE53B2C7786480000C24C /* Varible2.swift */; };
		E34DE53E2C7787CF0000C24C /* Varible3.swift in Sources */ = {isa = PBXBuildFile; fileRef = E34DE53D2C7787CF0000C24C /* Varible3.swift */; };
		E34DE5402C77893E0000C24C /* Variable4.swift in Sources */ = {isa = PBXBuildFile; fileRef = E34DE53F2C77893E0000C24C /* Variable4.swift */; };
		E34DE5422C7798490000C24C /* Variable5.swift in Sources */ = {isa = PBXBuildFile; fileRef = E34DE5412C7798490000C24C /* Variable5.swift */; };
/* End PBXBuildFile section */

/* Begin PBXContainerItemProxy section */
		E34DE51D2C7783C20000C24C /* PBXContainerItemProxy */ = {
			isa = PBXContainerItemProxy;
			containerPortal = E34DE5042C7783C10000C24C /* Project object */;
			proxyType = 1;
			remoteGlobalIDString = E34DE50B2C7783C10000C24C;
			remoteInfo = test;
		};
		E34DE5272C7783C20000C24C /* PBXContainerItemProxy */ = {
			isa = PBXContainerItemProxy;
			containerPortal = E34DE5042C7783C10000C24C /* Project object */;
			proxyType = 1;
			remoteGlobalIDString = E34DE50B2C7783C10000C24C;
			remoteInfo = test;
		};
/* End PBXContainerItemProxy section */

/* Begin PBXFileReference section */
		E34DE50C2C7783C10000C24C /* test.app */ = {isa = PBXFileReference; explicitFileType = wrapper.application; includeInIndex = 0; path = test.app; sourceTree = BUILT_PRODUCTS_DIR; };
		E34DE50F2C7783C10000C24C /* testApp.swift */ = {isa = PBXFileReference; lastKnownFileType = sourcecode.swift; path = testApp.swift; sourceTree = "<group>"; };
		E34DE5112C7783C10000C24C /* ContentView.swift */ = {isa = PBXFileReference; lastKnownFileType = sourcecode.swift; path = ContentView.swift; sourceTree = "<group>"; };
		E34DE5132C7783C20000C24C /* Assets.xcassets */ = {isa = PBXFileReference; lastKnownFileType = folder.assetcatalog; path = Assets.xcassets; sourceTree = "<group>"; };
		E34DE5162C7783C20000C24C /* Preview Assets.xcassets */ = {isa = PBXFileReference; lastKnownFileType = folder.assetcatalog; path = "Preview Assets.xcassets"; sourceTree = "<group>"; };
		E34DE51C2C7783C20000C24C /* testTests.xctest */ = {isa = PBXFileReference; explicitFileType = wrapper.cfbundle; includeInIndex = 0; path = testTests.xctest; sourceTree = BUILT_PRODUCTS_DIR; };
		E34DE5202C7783C20000C24C /* testTests.swift */ = {isa = PBXFileReference; lastKnownFileType = sourcecode.swift; path = testTests.swift; sourceTree = "<group>"; };
		E34DE5262C7783C20000C24C /* testUITests.xctest */ = {isa = PBXFileReference; explicitFileType = wrapper.cfbundle; includeInIndex = 0; path = testUITests.xctest; sourceTree = BUILT_PRODUCTS_DIR; };
		E34DE52A2C7783C20000C24C /* testUITests.swift */ = {isa = PBXFileReference; lastKnownFileType = sourcecode.swift; path = testUITests.swift; sourceTree = "<group>"; };
		E34DE52C2C7783C20000C24C /* testUITestsLaunchTests.swift */ = {isa = PBXFileReference; lastKnownFileType = sourcecode.swift; path = testUITestsLaunchTests.swift; sourceTree = "<group>"; };
		E34DE5392C7784180000C24C /* Variable.swift */ = {isa = PBXFileReference; lastKnownFileType = sourcecode.swift; path = Variable.swift; sourceTree = "<group>"; };
		E34DE53B2C7786480000C24C /* Varible2.swift */ = {isa = PBXFileReference; lastKnownFileType = sourcecode.swift; path = Varible2.swift; sourceTree = "<group>"; };
		E34DE53D2C7787CF0000C24C /* Varible3.swift */ = {isa = PBXFileReference; lastKnownFileType = sourcecode.swift; path = Varible3.swift; sourceTree = "<group>"; };
		E34DE53F2C77893E0000C24C /* Variable4.swift */ = {isa = PBXFileReference; lastKnownFileType = sourcecode.swift; path = Variable4.swift; sourceTree = "<group>"; };
		E34DE5412C7798490000C24C /* Variable5.swift */ = {isa = PBXFileReference; lastKnownFileType = sourcecode.swift; path = Variable5.swift; sourceTree = "<group>"; };
/* End PBXFileReference section */

/* Begin PBXFrameworksBuildPhase section */
		E34DE5092C7783C10000C24C /* Frameworks */ = {
			isa = PBXFrameworksBuildPhase;
			buildActionMask = 2147483647;
			files = (
			);
			runOnlyForDeploymentPostprocessing = 0;
		};
		E34DE5192C7783C20000C24C /* Frameworks */ = {
			isa = PBXFrameworksBuildPhase;
			buildActionMask = 2147483647;
			files = (
			);
			runOnlyForDeploymentPostprocessing = 0;
		};
		E34DE5232C7783C20000C24C /* Frameworks */ = {
			isa = PBXFrameworksBuildPhase;
			buildActionMask = 2147483647;
			files = (
			);
			runOnlyForDeploymentPostprocessing = 0;
		};
/* End PBXFrameworksBuildPhase section */

/* Begin PBXGroup section */
		E34DE5032C7783C10000C24C = {
			isa = PBXGroup;
			children = (
				E34DE50E2C7783C10000C24C /* test */,
				E34DE51F2C7783C20000C24C /* testTests */,
				E34DE5292C7783C20000C24C /* testUITests */,
				E34DE50D2C7783C10000C24C /* Products */,
			);
			sourceTree = "<group>";
		};
		E34DE50D2C7783C10000C24C /* Products */ = {
			isa = PBXGroup;
			children = (
				E34DE50C2C7783C10000C24C /* test.app */,
				E34DE51C2C7783C20000C24C /* testTests.xctest */,
				E34DE5262C7783C20000C24C /* testUITests.xctest */,
			);
			name = Products;
			sourceTree = "<group>";
		};
		E34DE50E2C7783C10000C24C /* test */ = {
			isa = PBXGroup;
			children = (
				E34DE5392C7784180000C24C /* Variable.swift */,
				E34DE53B2C7786480000C24C /* Varible2.swift */,
				E34DE53D2C7787CF0000C24C /* Varible3.swift */,
				E34DE53F2C77893E0000C24C /* Variable4.swift */,
				E34DE5412C7798490000C24C /* Variable5.swift */,
				E34DE50F2C7783C10000C24C /* testApp.swift */,
				E34DE5112C7783C10000C24C /* ContentView.swift */,
				E34DE5132C7783C20000C24C /* Assets.xcassets */,
				E34DE5152C7783C20000C24C /* Preview Content */,
			);
			path = test;
			sourceTree = "<group>";
		};
		E34DE5152C7783C20000C24C /* Preview Content */ = {
			isa = PBXGroup;
			children = (
				E34DE5162C7783C20000C24C /* Preview Assets.xcassets */,
			);
			path = "Preview Content";
			sourceTree = "<group>";
		};
		E34DE51F2C7783C20000C24C /* testTests */ = {
			isa = PBXGroup;
			children = (
				E34DE5202C7783C20000C24C /* testTests.swift */,
			);
			path = testTests;
			sourceTree = "<group>";
		};
		E34DE5292C7783C20000C24C /* testUITests */ = {
			isa = PBXGroup;
			children = (
				E34DE52A2C7783C20000C24C /* testUITests.swift */,
				E34DE52C2C7783C20000C24C /* testUITestsLaunchTests.swift */,
			);
			path = testUITests;
			sourceTree = "<group>";
		};
/* End PBXGroup section */

/* Begin PBXNativeTarget section */
		E34DE50B2C7783C10000C24C /* test */ = {
			isa = PBXNativeTarget;
			buildConfigurationList = E34DE5302C7783C20000C24C /* Build configuration list for PBXNativeTarget "test" */;
			buildPhases = (
				E34DE5082C7783C10000C24C /* Sources */,
				E34DE5092C7783C10000C24C /* Frameworks */,
				E34DE50A2C7783C10000C24C /* Resources */,
			);
			buildRules = (
			);
			dependencies = (
			);
			name = test;
			productName = test;
			productReference = E34DE50C2C7783C10000C24C /* test.app */;
			productType = "com.apple.product-type.application";
		};
		E34DE51B2C7783C20000C24C /* testTests */ = {
			isa = PBXNativeTarget;
			buildConfigurationList = E34DE5332C7783C20000C24C /* Build configuration list for PBXNativeTarget "testTests" */;
			buildPhases = (
				E34DE5182C7783C20000C24C /* Sources */,
				E34DE5192C7783C20000C24C /* Frameworks */,
				E34DE51A2C7783C20000C24C /* Resources */,
			);
			buildRules = (
			);
			dependencies = (
				E34DE51E2C7783C20000C24C /* PBXTargetDependency */,
			);
			name = testTests;
			productName = testTests;
			productReference = E34DE51C2C7783C20000C24C /* testTests.xctest */;
			productType = "com.apple.product-type.bundle.unit-test";
		};
		E34DE5252C7783C20000C24C /* testUITests */ = {
			isa = PBXNativeTarget;
			buildConfigurationList = E34DE5362C7783C20000C24C /* Build configuration list for PBXNativeTarget "testUITests" */;
			buildPhases = (
				E34DE5222C7783C20000C24C /* Sources */,
				E34DE5232C7783C20000C24C /* Frameworks */,
				E34DE5242C7783C20000C24C /* Resources */,
			);
			buildRules = (
			);
			dependencies = (
				E34DE5282C7783C20000C24C /* PBXTargetDependency */,
			);
			name = testUITests;
			productName = testUITests;
			productReference = E34DE5262C7783C20000C24C /* testUITests.xctest */;
			productType = "com.apple.product-type.bundle.ui-testing";
		};
/* End PBXNativeTarget section */

/* Begin PBXProject section */
		E34DE5042C7783C10000C24C /* Project object */ = {
			isa = PBXProject;
			attributes = {
				BuildIndependentTargetsInParallel = 1;
				LastSwiftUpdateCheck = 1540;
				LastUpgradeCheck = 1540;
				TargetAttributes = {
					E34DE50B2C7783C10000C24C = {
						CreatedOnToolsVersion = 15.4;
					};
					E34DE51B2C7783C20000C24C = {
						CreatedOnToolsVersion = 15.4;
						TestTargetID = E34DE50B2C7783C10000C24C;
					};
					E34DE5252C7783C20000C24C = {
						CreatedOnToolsVersion = 15.4;
						TestTargetID = E34DE50B2C7783C10000C24C;
					};
				};
			};
			buildConfigurationList = E34DE5072C7783C10000C24C /* Build configuration list for PBXProject "test" */;
			compatibilityVersion = "Xcode 14.0";
			developmentRegion = en;
			hasScannedForEncodings = 0;
			knownRegions = (
				en,
				Base,
			);
			mainGroup = E34DE5032C7783C10000C24C;
			productRefGroup = E34DE50D2C7783C10000C24C /* Products */;
			projectDirPath = "";
			projectRoot = "";
			targets = (
				E34DE50B2C7783C10000C24C /* test */,
				E34DE51B2C7783C20000C24C /* testTests */,
				E34DE5252C7783C20000C24C /* testUITests */,
			);
		};
/* End PBXProject section */

/* Begin PBXResourcesBuildPhase section */
		E34DE50A2C7783C10000C24C /* Resources */ = {
			isa = PBXResourcesBuildPhase;
			buildActionMask = 2147483647;
			files = (
				E34DE5172C7783C20000C24C /* Preview Assets.xcassets in Resources */,
				E34DE5142C7783C20000C24C /* Assets.xcassets in Resources */,
			);
			runOnlyForDeploymentPostprocessing = 0;
		};
		E34DE51A2C7783C20000C24C /* Resources */ = {
			isa = PBXResourcesBuildPhase;
			buildActionMask = 2147483647;
			files = (
			);
			runOnlyForDeploymentPostprocessing = 0;
		};
		E34DE5242C7783C20000C24C /* Resources */ = {
			isa = PBXResourcesBuildPhase;
			buildActionMask = 2147483647;
			files = (
			);
			runOnlyForDeploymentPostprocessing = 0;
		};
/* End PBXResourcesBuildPhase section */

/* Begin PBXSourcesBuildPhase section */
		E34DE5082C7783C10000C24C /* Sources */ = {
			isa = PBXSourcesBuildPhase;
			buildActionMask = 2147483647;
			files = (
				E34DE5402C77893E0000C24C /* Variable4.swift in Sources */,
				E34DE53C2C7786480000C24C /* Varible2.swift in Sources */,
				E34DE5122C7783C10000C24C /* ContentView.swift in Sources */,
				E34DE53A2C7784180000C24C /* Variable.swift in Sources */,
				E34DE5422C7798490000C24C /* Variable5.swift in Sources */,
				E34DE53E2C7787CF0000C24C /* Varible3.swift in Sources */,
				E34DE5102C7783C10000C24C /* testApp.swift in Sources */,
			);
			runOnlyForDeploymentPostprocessing = 0;
		};
		E34DE5182C7783C20000C24C /* Sources */ = {
			isa = PBXSourcesBuildPhase;
			buildActionMask = 2147483647;
			files = (
				E34DE5212C7783C20000C24C /* testTests.swift in Sources */,
			);
			runOnlyForDeploymentPostprocessing = 0;
		};
		E34DE5222C7783C20000C24C /* Sources */ = {
			isa = PBXSourcesBuildPhase;
			buildActionMask = 2147483647;
			files = (
				E34DE52D2C7783C20000C24C /* testUITestsLaunchTests.swift in Sources */,
				E34DE52B2C7783C20000C24C /* testUITests.swift in Sources */,
			);
			runOnlyForDeploymentPostprocessing = 0;
		};
/* End PBXSourcesBuildPhase section */

/* Begin PBXTargetDependency section */
		E34DE51E2C7783C20000C24C /* PBXTargetDependency */ = {
			isa = PBXTargetDependency;
			target = E34DE50B2C7783C10000C24C /* test */;
			targetProxy = E34DE51D2C7783C20000C24C /* PBXContainerItemProxy */;
		};
		E34DE5282C7783C20000C24C /* PBXTargetDependency */ = {
			isa = PBXTargetDependency;
			target = E34DE50B2C7783C10000C24C /* test */;
			targetProxy = E34DE5272C7783C20000C24C /* PBXContainerItemProxy */;
		};
/* End PBXTargetDependency section */

/* Begin XCBuildConfiguration section */
		E34DE52E2C7783C20000C24C /* Debug */ = {
			isa = XCBuildConfiguration;
			buildSettings = {
				ALWAYS_SEARCH_USER_PATHS = NO;
				ASSETCATALOG_COMPILER_GENERATE_SWIFT_ASSET_SYMBOL_EXTENSIONS = YES;
				CLANG_ANALYZER_NONNULL = YES;
				CLANG_ANALYZER_NUMBER_OBJECT_CONVERSION = YES_AGGRESSIVE;
				CLANG_CXX_LANGUAGE_STANDARD = "gnu++20";
				CLANG_ENABLE_MODULES = YES;
				CLANG_ENABLE_OBJC_ARC = YES;
				CLANG_ENABLE_OBJC_WEAK = YES;
				CLANG_WARN_BLOCK_CAPTURE_AUTORELEASING = YES;
				CLANG_WARN_BOOL_CONVERSION = YES;
				CLANG_WARN_COMMA = YES;
				CLANG_WARN_CONSTANT_CONVERSION = YES;
				CLANG_WARN_DEPRECATED_OBJC_IMPLEMENTATIONS = YES;
				CLANG_WARN_DIRECT_OBJC_ISA_USAGE = YES_ERROR;
				CLANG_WARN_DOCUMENTATION_COMMENTS = YES;
				CLANG_WARN_EMPTY_BODY = YES;
				CLANG_WARN_ENUM_CONVERSION = YES;
				CLANG_WARN_INFINITE_RECURSION = YES;
				CLANG_WARN_INT_CONVERSION = YES;
				CLANG_WARN_NON_LITERAL_NULL_CONVERSION = YES;
				CLANG_WARN_OBJC_IMPLICIT_RETAIN_SELF = YES;
				CLANG_WARN_OBJC_LITERAL_CONVERSION = YES;
				CLANG_WARN_OBJC_ROOT_CLASS = YES_ERROR;
				CLANG_WARN_QUOTED_INCLUDE_IN_FRAMEWORK_HEADER = YES;
				CLANG_WARN_RANGE_LOOP_ANALYSIS = YES;
				CLANG_WARN_STRICT_PROTOTYPES = YES;
				CLANG_WARN_SUSPICIOUS_MOVE = YES;
				CLANG_WARN_UNGUARDED_AVAILABILITY = YES_AGGRESSIVE;
				CLANG_WARN_UNREACHABLE_CODE = YES;
				CLANG_WARN__DUPLICATE_METHOD_MATCH = YES;
				COPY_PHASE_STRIP = NO;
				DEBUG_INFORMATION_FORMAT = dwarf;
				ENABLE_STRICT_OBJC_MSGSEND = YES;
				ENABLE_TESTABILITY = YES;
				ENABLE_USER_SCRIPT_SANDBOXING = YES;
				GCC_C_LANGUAGE_STANDARD = gnu17;
				GCC_DYNAMIC_NO_PIC = NO;
				GCC_NO_COMMON_BLOCKS = YES;
				GCC_OPTIMIZATION_LEVEL = 0;
				GCC_PREPROCESSOR_DEFINITIONS = (
					"DEBUG=1",
					"$(inherited)",
				);
				GCC_WARN_64_TO_32_BIT_CONVERSION = YES;
				GCC_WARN_ABOUT_RETURN_TYPE = YES_ERROR;
				GCC_WARN_UNDECLARED_SELECTOR = YES;
				GCC_WARN_UNINITIALIZED_AUTOS = YES_AGGRESSIVE;
				GCC_WARN_UNUSED_FUNCTION = YES;
				GCC_WARN_UNUSED_VARIABLE = YES;
				IPHONEOS_DEPLOYMENT_TARGET = 17.5;
				LOCALIZATION_PREFERS_STRING_CATALOGS = YES;
				MTL_ENABLE_DEBUG_INFO = INCLUDE_SOURCE;
				MTL_FAST_MATH = YES;
				ONLY_ACTIVE_ARCH = YES;
				SDKROOT = iphoneos;
				SWIFT_ACTIVE_COMPILATION_CONDITIONS = "DEBUG $(inherited)";
				SWIFT_OPTIMIZATION_LEVEL = "-Onone";
			};
			name = Debug;
		};
		E34DE52F2C7783C20000C24C /* Release */ = {
			isa = XCBuildConfiguration;
			buildSettings = {
				ALWAYS_SEARCH_USER_PATHS = NO;
				ASSETCATALOG_COMPILER_GENERATE_SWIFT_ASSET_SYMBOL_EXTENSIONS = YES;
				CLANG_ANALYZER_NONNULL = YES;
				CLANG_ANALYZER_NUMBER_OBJECT_CONVERSION = YES_AGGRESSIVE;
				CLANG_CXX_LANGUAGE_STANDARD = "gnu++20";
				CLANG_ENABLE_MODULES = YES;
				CLANG_ENABLE_OBJC_ARC = YES;
				CLANG_ENABLE_OBJC_WEAK = YES;
				CLANG_WARN_BLOCK_CAPTURE_AUTORELEASING = YES;
				CLANG_WARN_BOOL_CONVERSION = YES;
				CLANG_WARN_COMMA = YES;
				CLANG_WARN_CONSTANT_CONVERSION = YES;
				CLANG_WARN_DEPRECATED_OBJC_IMPLEMENTATIONS = YES;
				CLANG_WARN_DIRECT_OBJC_ISA_USAGE = YES_ERROR;
				CLANG_WARN_DOCUMENTATION_COMMENTS = YES;
				CLANG_WARN_EMPTY_BODY = YES;
				CLANG_WARN_ENUM_CONVERSION = YES;
				CLANG_WARN_INFINITE_RECURSION = YES;
				CLANG_WARN_INT_CONVERSION = YES;
				CLANG_WARN_NON_LITERAL_NULL_CONVERSION = YES;
				CLANG_WARN_OBJC_IMPLICIT_RETAIN_SELF = YES;
				CLANG_WARN_OBJC_LITERAL_CONVERSION = YES;
				CLANG_WARN_OBJC_ROOT_CLASS = YES_ERROR;
				CLANG_WARN_QUOTED_INCLUDE_IN_FRAMEWORK_HEADER = YES;
				CLANG_WARN_RANGE_LOOP_ANALYSIS = YES;
				CLANG_WARN_STRICT_PROTOTYPES = YES;
				CLANG_WARN_SUSPICIOUS_MOVE = YES;
				CLANG_WARN_UNGUARDED_AVAILABILITY = YES_AGGRESSIVE;
				CLANG_WARN_UNREACHABLE_CODE = YES;
				CLANG_WARN__DUPLICATE_METHOD_MATCH = YES;
				COPY_PHASE_STRIP = NO;
				DEBUG_INFORMATION_FORMAT = "dwarf-with-dsym";
				ENABLE_NS_ASSERTIONS = NO;
				ENABLE_STRICT_OBJC_MSGSEND = YES;
				ENABLE_USER_SCRIPT_SANDBOXING = YES;
				GCC_C_LANGUAGE_STANDARD = gnu17;
				GCC_NO_COMMON_BLOCKS = YES;
				GCC_WARN_64_TO_32_BIT_CONVERSION = YES;
				GCC_WARN_ABOUT_RETURN_TYPE = YES_ERROR;
				GCC_WARN_UNDECLARED_SELECTOR = YES;
				GCC_WARN_UNINITIALIZED_AUTOS = YES_AGGRESSIVE;
				GCC_WARN_UNUSED_FUNCTION = YES;
				GCC_WARN_UNUSED_VARIABLE = YES;
				IPHONEOS_DEPLOYMENT_TARGET = 17.5;
				LOCALIZATION_PREFERS_STRING_CATALOGS = YES;
				MTL_ENABLE_DEBUG_INFO = NO;
				MTL_FAST_MATH = YES;
				SDKROOT = iphoneos;
				SWIFT_COMPILATION_MODE = wholemodule;
				VALIDATE_PRODUCT = YES;
			};
			name = Release;
		};
		E34DE5312C7783C20000C24C /* Debug */ = {
			isa = XCBuildConfiguration;
			buildSettings = {
				ASSETCATALOG_COMPILER_APPICON_NAME = AppIcon;
				ASSETCATALOG_COMPILER_GLOBAL_ACCENT_COLOR_NAME = AccentColor;
				CODE_SIGN_STYLE = Automatic;
				CURRENT_PROJECT_VERSION = 1;
				DEVELOPMENT_ASSET_PATHS = "\"test/Preview Content\"";
				ENABLE_PREVIEWS = YES;
				GENERATE_INFOPLIST_FILE = YES;
				INFOPLIST_KEY_UIApplicationSceneManifest_Generation = YES;
				INFOPLIST_KEY_UIApplicationSupportsIndirectInputEvents = YES;
				INFOPLIST_KEY_UILaunchScreen_Generation = YES;
				INFOPLIST_KEY_UISupportedInterfaceOrientations_iPad = "UIInterfaceOrientationPortrait UIInterfaceOrientationPortraitUpsideDown UIInterfaceOrientationLandscapeLeft UIInterfaceOrientationLandscapeRight";
				INFOPLIST_KEY_UISupportedInterfaceOrientations_iPhone = "UIInterfaceOrientationPortrait UIInterfaceOrientationLandscapeLeft UIInterfaceOrientationLandscapeRight";
				LD_RUNPATH_SEARCH_PATHS = (
					"$(inherited)",
					"@executable_path/Frameworks",
				);
				MARKETING_VERSION = 1.0;
				PRODUCT_BUNDLE_IDENTIFIER = test.test;
				PRODUCT_NAME = "$(TARGET_NAME)";
				SWIFT_EMIT_LOC_STRINGS = YES;
				SWIFT_VERSION = 5.0;
				TARGETED_DEVICE_FAMILY = "1,2";
			};
			name = Debug;
		};
		E34DE5322C7783C20000C24C /* Release */ = {
			isa = XCBuildConfiguration;
			buildSettings = {
				ASSETCATALOG_COMPILER_APPICON_NAME = AppIcon;
				ASSETCATALOG_COMPILER_GLOBAL_ACCENT_COLOR_NAME = AccentColor;
				CODE_SIGN_STYLE = Automatic;
				CURRENT_PROJECT_VERSION = 1;
				DEVELOPMENT_ASSET_PATHS = "\"test/Preview Content\"";
				ENABLE_PREVIEWS = YES;
				GENERATE_INFOPLIST_FILE = YES;
				INFOPLIST_KEY_UIApplicationSceneManifest_Generation = YES;
				INFOPLIST_KEY_UIApplicationSupportsIndirectInputEvents = YES;
				INFOPLIST_KEY_UILaunchScreen_Generation = YES;
				INFOPLIST_KEY_UISupportedInterfaceOrientations_iPad = "UIInterfaceOrientationPortrait UIInterfaceOrientationPortraitUpsideDown UIInterfaceOrientationLandscapeLeft UIInterfaceOrientationLandscapeRight";
				INFOPLIST_KEY_UISupportedInterfaceOrientations_iPhone = "UIInterfaceOrientationPortrait UIInterfaceOrientationLandscapeLeft UIInterfaceOrientationLandscapeRight";
				LD_RUNPATH_SEARCH_PATHS = (
					"$(inherited)",
					"@executable_path/Frameworks",
				);
				MARKETING_VERSION = 1.0;
				PRODUCT_BUNDLE_IDENTIFIER = test.test;
				PRODUCT_NAME = "$(TARGET_NAME)";
				SWIFT_EMIT_LOC_STRINGS = YES;
				SWIFT_VERSION = 5.0;
				TARGETED_DEVICE_FAMILY = "1,2";
			};
			name = Release;
		};
		E34DE5342C7783C20000C24C /* Debug */ = {
			isa = XCBuildConfiguration;
			buildSettings = {
				ALWAYS_EMBED_SWIFT_STANDARD_LIBRARIES = YES;
				BUNDLE_LOADER = "$(TEST_HOST)";
				CODE_SIGN_STYLE = Automatic;
				CURRENT_PROJECT_VERSION = 1;
				GENERATE_INFOPLIST_FILE = YES;
				IPHONEOS_DEPLOYMENT_TARGET = 17.5;
				MARKETING_VERSION = 1.0;
				PRODUCT_BUNDLE_IDENTIFIER = test.testTests;
				PRODUCT_NAME = "$(TARGET_NAME)";
				SWIFT_EMIT_LOC_STRINGS = NO;
				SWIFT_VERSION = 5.0;
				TARGETED_DEVICE_FAMILY = "1,2";
				TEST_HOST = "$(BUILT_PRODUCTS_DIR)/test.app/$(BUNDLE_EXECUTABLE_FOLDER_PATH)/test";
			};
			name = Debug;
		};
		E34DE5352C7783C20000C24C /* Release */ = {
			isa = XCBuildConfiguration;
			buildSettings = {
				ALWAYS_EMBED_SWIFT_STANDARD_LIBRARIES = YES;
				BUNDLE_LOADER = "$(TEST_HOST)";
				CODE_SIGN_STYLE = Automatic;
				CURRENT_PROJECT_VERSION = 1;
				GENERATE_INFOPLIST_FILE = YES;
				IPHONEOS_DEPLOYMENT_TARGET = 17.5;
				MARKETING_VERSION = 1.0;
				PRODUCT_BUNDLE_IDENTIFIER = test.testTests;
				PRODUCT_NAME = "$(TARGET_NAME)";
				SWIFT_EMIT_LOC_STRINGS = NO;
				SWIFT_VERSION = 5.0;
				TARGETED_DEVICE_FAMILY = "1,2";
				TEST_HOST = "$(BUILT_PRODUCTS_DIR)/test.app/$(BUNDLE_EXECUTABLE_FOLDER_PATH)/test";
			};
			name = Release;
		};
		E34DE5372C7783C20000C24C /* Debug */ = {
			isa = XCBuildConfiguration;
			buildSettings = {
				ALWAYS_EMBED_SWIFT_STANDARD_LIBRARIES = YES;
				CODE_SIGN_STYLE = Automatic;
				CURRENT_PROJECT_VERSION = 1;
				GENERATE_INFOPLIST_FILE = YES;
				MARKETING_VERSION = 1.0;
				PRODUCT_BUNDLE_IDENTIFIER = test.testUITests;
				PRODUCT_NAME = "$(TARGET_NAME)";
				SWIFT_EMIT_LOC_STRINGS = NO;
				SWIFT_VERSION = 5.0;
				TARGETED_DEVICE_FAMILY = "1,2";
				TEST_TARGET_NAME = test;
			};
			name = Debug;
		};
		E34DE5382C7783C20000C24C /* Release */ = {
			isa = XCBuildConfiguration;
			buildSettings = {
				ALWAYS_EMBED_SWIFT_STANDARD_LIBRARIES = YES;
				CODE_SIGN_STYLE = Automatic;
				CURRENT_PROJECT_VERSION = 1;
				GENERATE_INFOPLIST_FILE = YES;
				MARKETING_VERSION = 1.0;
				PRODUCT_BUNDLE_IDENTIFIER = test.testUITests;
				PRODUCT_NAME = "$(TARGET_NAME)";
				SWIFT_EMIT_LOC_STRINGS = NO;
				SWIFT_VERSION = 5.0;
				TARGETED_DEVICE_FAMILY = "1,2";
				TEST_TARGET_NAME = test;
			};
			name = Release;
		};
/* End XCBuildConfiguration section */

/* Begin XCConfigurationList section */
		E34DE5072C7783C10000C24C /* Build configuration list for PBXProject "test" */ = {
			isa = XCConfigurationList;
			buildConfigurations = (
				E34DE52E2C7783C20000C24C /* Debug */,
				E34DE52F2C7783C20000C24C /* Release */,
			);
			defaultConfigurationIsVisible = 0;
			defaultConfigurationName = Release;
		};
		E34DE5302C7783C20000C24C /* Build configuration list for PBXNativeTarget "test" */ = {
			isa = XCConfigurationList;
			buildConfigurations = (
				E34DE5312C7783C20000C24C /* Debug */,
				E34DE5322C7783C20000C24C /* Release */,
			);
			defaultConfigurationIsVisible = 0;
			defaultConfigurationName = Release;
		};
		E34DE5332C7783C20000C24C /* Build configuration list for PBXNativeTarget "testTests" */ = {
			isa = XCConfigurationList;
			buildConfigurations = (
				E34DE5342C7783C20000C24C /* Debug */,
				E34DE5352C7783C20000C24C /* Release */,
			);
			defaultConfigurationIsVisible = 0;
			defaultConfigurationName = Release;
		};
		E34DE5362C7783C20000C24C /* Build configuration list for PBXNativeTarget "testUITests" */ = {
			isa = XCConfigurationList;
			buildConfigurations = (
				E34DE5372C7783C20000C24C /* Debug */,
				E34DE5382C7783C20000C24C /* Release */,
			);
			defaultConfigurationIsVisible = 0;
			defaultConfigurationName = Release;
		};
/* End XCConfigurationList section */
	};
	rootObject = E34DE5042C7783C10000C24C /* Project object */;
}
